
Microsoft Visual Studio Solution File, Format Version 12.00
# Visual Studio Version 17
VisualStudioVersion = 17.12.35506.116
MinimumVisualStudioVersion = 10.0.40219.1
Project("{2150E333-8FDC-42A3-9474-1A3956D46DE8}") = "Services", "Services", "{3AA5FEE9-1961-476C-898D-2D2030A64EB5}"
EndProject
Project("{2150E333-8FDC-42A3-9474-1A3956D46DE8}") = "ApiGateway", "ApiGateway", "{93F321A5-1CC6-4694-8067-3020FDCB4C84}"
EndProject
Project("{2150E333-8FDC-42A3-9474-1A3956D46DE8}") = "Frontend", "Frontend", "{81A8CC60-A276-49A9-B367-6545C4356383}"
EndProject
Project("{2150E333-8FDC-42A3-9474-1A3956D46DE8}") = "Catalog", "Catalog", "{091A4C18-8781-4F72-8F57-3F26053AE4D8}"
EndProject
Project("{FAE04EC0-301F-11D3-BF4B-00C04F79EFBC}") = "Makaan.Catalog", "Services\Catalog\Makaan.Catalog\Makaan.Catalog.csproj", "{2FF469F5-3CD1-4597-8E0F-C779882C4496}"
EndProject
Project("{2150E333-8FDC-42A3-9474-1A3956D46DE8}") = "Comment", "Comment", "{9D4300E7-B2E8-416E-9B07-1C86AE5D06EC}"
EndProject
Project("{FAE04EC0-301F-11D3-BF4B-00C04F79EFBC}") = "Makaan.Comment", "Services\Comment\Makaan.Comment\Makaan.Comment.csproj", "{41E5E1DB-B43F-4B74-9A3E-DA38B2BD40A5}"
EndProject
Project("{2150E333-8FDC-42A3-9474-1A3956D46DE8}") = "IdentityServer", "IdentityServer", "{637CE8F2-6076-4E64-BC9A-1C99A0615A4C}"
EndProject
Project("{FAE04EC0-301F-11D3-BF4B-00C04F79EFBC}") = "Makaan.IdentityServer", "IdentityServer\Makaan.IdentityServer\Makaan.IdentityServer.csproj", "{8D9A0C01-2A5B-4A49-9E0A-AEF0856B7C9A}"
EndProject
Project("{FAE04EC0-301F-11D3-BF4B-00C04F79EFBC}") = "Makaan.OcelotGateway", "ApiGateway\Makaan.OcelotGateway\Makaan.OcelotGateway.csproj", "{941D12E6-4047-48AF-A5C7-7AACB7B0A50D}"
EndProject
Project("{FAE04EC0-301F-11D3-BF4B-00C04F79EFBC}") = "Makaan.WebUI", "Frontend\Makaan.WebUI\Makaan.WebUI.csproj", "{9A40BB4B-68F1-445E-A458-92C103F8987B}"
EndProject
Project("{FAE04EC0-301F-11D3-BF4B-00C04F79EFBC}") = "Makaan.DtoLayer", "Makaan.DtoLayer\Makaan.DtoLayer.csproj", "{A20410F8-CFAD-4804-A387-63FE09807497}"
EndProject
Project("{2150E333-8FDC-42A3-9474-1A3956D46DE8}") = "Notification", "Notification", "{7FB863D7-2F9C-4EF1-9442-BFC8ED66B71F}"
EndProject
Project("{FAE04EC0-301F-11D3-BF4B-00C04F79EFBC}") = "Makaan.Notification", "Services\Notification\Makaan.Notification\Makaan.Notification.csproj", "{97EB96BC-9BE0-4694-85A1-EAA43E2C6CE4}"
EndProject
Project("{2150E333-8FDC-42A3-9474-1A3956D46DE8}") = "Message", "Message", "{500D9CE9-C58D-4D7B-9243-5094F4E0208E}"
EndProject
Project("{FAE04EC0-301F-11D3-BF4B-00C04F79EFBC}") = "Makaan.Message", "Services\Message\Makaan.Message\Makaan.Message.csproj", "{EF744D6C-B51E-4A86-8C39-9A9F3341212A}"
EndProject
Project("{2150E333-8FDC-42A3-9474-1A3956D46DE8}") = "Solution Items", "Solution Items", "{9C6FE9F3-E7A9-42A8-926F-C5CFE0C23AC3}"
	ProjectSection(SolutionItems) = preProject
		.gitignore = .gitignore
		README.md = README.md
	EndProjectSection
EndProject
Global
	GlobalSection(SolutionConfigurationPlatforms) = preSolution
		Debug|Any CPU = Debug|Any CPU
		Release|Any CPU = Release|Any CPU
	EndGlobalSection
	GlobalSection(ProjectConfigurationPlatforms) = postSolution
		{2FF469F5-3CD1-4597-8E0F-C779882C4496}.Debug|Any CPU.ActiveCfg = Debug|Any CPU
		{2FF469F5-3CD1-4597-8E0F-C779882C4496}.Debug|Any CPU.Build.0 = Debug|Any CPU
		{2FF469F5-3CD1-4597-8E0F-C779882C4496}.Release|Any CPU.ActiveCfg = Release|Any CPU
		{2FF469F5-3CD1-4597-8E0F-C779882C4496}.Release|Any CPU.Build.0 = Release|Any CPU
		{41E5E1DB-B43F-4B74-9A3E-DA38B2BD40A5}.Debug|Any CPU.ActiveCfg = Debug|Any CPU
		{41E5E1DB-B43F-4B74-9A3E-DA38B2BD40A5}.Debug|Any CPU.Build.0 = Debug|Any CPU
		{41E5E1DB-B43F-4B74-9A3E-DA38B2BD40A5}.Release|Any CPU.ActiveCfg = Release|Any CPU
		{41E5E1DB-B43F-4B74-9A3E-DA38B2BD40A5}.Release|Any CPU.Build.0 = Release|Any CPU
		{8D9A0C01-2A5B-4A49-9E0A-AEF0856B7C9A}.Debug|Any CPU.ActiveCfg = Debug|Any CPU
		{8D9A0C01-2A5B-4A49-9E0A-AEF0856B7C9A}.Debug|Any CPU.Build.0 = Debug|Any CPU
		{8D9A0C01-2A5B-4A49-9E0A-AEF0856B7C9A}.Release|Any CPU.ActiveCfg = Release|Any CPU
		{8D9A0C01-2A5B-4A49-9E0A-AEF0856B7C9A}.Release|Any CPU.Build.0 = Release|Any CPU
		{941D12E6-4047-48AF-A5C7-7AACB7B0A50D}.Debug|Any CPU.ActiveCfg = Debug|Any CPU
		{941D12E6-4047-48AF-A5C7-7AACB7B0A50D}.Debug|Any CPU.Build.0 = Debug|Any CPU
		{941D12E6-4047-48AF-A5C7-7AACB7B0A50D}.Release|Any CPU.ActiveCfg = Release|Any CPU
		{941D12E6-4047-48AF-A5C7-7AACB7B0A50D}.Release|Any CPU.Build.0 = Release|Any CPU
		{9A40BB4B-68F1-445E-A458-92C103F8987B}.Debug|Any CPU.ActiveCfg = Debug|Any CPU
		{9A40BB4B-68F1-445E-A458-92C103F8987B}.Debug|Any CPU.Build.0 = Debug|Any CPU
		{9A40BB4B-68F1-445E-A458-92C103F8987B}.Release|Any CPU.ActiveCfg = Release|Any CPU
		{9A40BB4B-68F1-445E-A458-92C103F8987B}.Release|Any CPU.Build.0 = Release|Any CPU
		{A20410F8-CFAD-4804-A387-63FE09807497}.Debug|Any CPU.ActiveCfg = Debug|Any CPU
		{A20410F8-CFAD-4804-A387-63FE09807497}.Debug|Any CPU.Build.0 = Debug|Any CPU
		{A20410F8-CFAD-4804-A387-63FE09807497}.Release|Any CPU.ActiveCfg = Release|Any CPU
		{A20410F8-CFAD-4804-A387-63FE09807497}.Release|Any CPU.Build.0 = Release|Any CPU
		{97EB96BC-9BE0-4694-85A1-EAA43E2C6CE4}.Debug|Any CPU.ActiveCfg = Debug|Any CPU
		{97EB96BC-9BE0-4694-85A1-EAA43E2C6CE4}.Debug|Any CPU.Build.0 = Debug|Any CPU
		{97EB96BC-9BE0-4694-85A1-EAA43E2C6CE4}.Release|Any CPU.ActiveCfg = Release|Any CPU
		{97EB96BC-9BE0-4694-85A1-EAA43E2C6CE4}.Release|Any CPU.Build.0 = Release|Any CPU
		{EF744D6C-B51E-4A86-8C39-9A9F3341212A}.Debug|Any CPU.ActiveCfg = Debug|Any CPU
		{EF744D6C-B51E-4A86-8C39-9A9F3341212A}.Debug|Any CPU.Build.0 = Debug|Any CPU
		{EF744D6C-B51E-4A86-8C39-9A9F3341212A}.Release|Any CPU.ActiveCfg = Release|Any CPU
		{EF744D6C-B51E-4A86-8C39-9A9F3341212A}.Release|Any CPU.Build.0 = Release|Any CPU
	EndGlobalSection
	GlobalSection(SolutionProperties) = preSolution
		HideSolutionNode = FALSE
	EndGlobalSection
	GlobalSection(NestedProjects) = preSolution
		{091A4C18-8781-4F72-8F57-3F26053AE4D8} = {3AA5FEE9-1961-476C-898D-2D2030A64EB5}
		{2FF469F5-3CD1-4597-8E0F-C779882C4496} = {091A4C18-8781-4F72-8F57-3F26053AE4D8}
		{9D4300E7-B2E8-416E-9B07-1C86AE5D06EC} = {3AA5FEE9-1961-476C-898D-2D2030A64EB5}
		{41E5E1DB-B43F-4B74-9A3E-DA38B2BD40A5} = {9D4300E7-B2E8-416E-9B07-1C86AE5D06EC}
		{8D9A0C01-2A5B-4A49-9E0A-AEF0856B7C9A} = {637CE8F2-6076-4E64-BC9A-1C99A0615A4C}
		{941D12E6-4047-48AF-A5C7-7AACB7B0A50D} = {93F321A5-1CC6-4694-8067-3020FDCB4C84}
		{9A40BB4B-68F1-445E-A458-92C103F8987B} = {81A8CC60-A276-49A9-B367-6545C4356383}
		{A20410F8-CFAD-4804-A387-63FE09807497} = {81A8CC60-A276-49A9-B367-6545C4356383}
		{7FB863D7-2F9C-4EF1-9442-BFC8ED66B71F} = {3AA5FEE9-1961-476C-898D-2D2030A64EB5}
		{97EB96BC-9BE0-4694-85A1-EAA43E2C6CE4} = {7FB863D7-2F9C-4EF1-9442-BFC8ED66B71F}
		{500D9CE9-C58D-4D7B-9243-5094F4E0208E} = {3AA5FEE9-1961-476C-898D-2D2030A64EB5}
		{EF744D6C-B51E-4A86-8C39-9A9F3341212A} = {500D9CE9-C58D-4D7B-9243-5094F4E0208E}
	EndGlobalSection
EndGlobal
